
Microsoft Visual Studio Solution File, Format Version 12.00
# Visual Studio 2013
VisualStudioVersion = 12.0.30501.0
MinimumVisualStudioVersion = 10.0.40219.1
Project("{FAE04EC0-301F-11D3-BF4B-00C04F79EFBC}") = "lab10A_MAudesse", "lab10A_MAudesse\lab10A_MAudesse.csproj", "{AE991000-A64F-42B4-B92D-2B5B7B99D099}"
EndProject
Global
	GlobalSection(SolutionConfigurationPlatforms) = preSolution
		Debug|Any CPU = Debug|Any CPU
		Release|Any CPU = Release|Any CPU
	EndGlobalSection
	GlobalSection(ProjectConfigurationPlatforms) = postSolution
		{AE991000-A64F-42B4-B92D-2B5B7B99D099}.Debug|Any CPU.ActiveCfg = Debug|Any CPU
		{AE991000-A64F-42B4-B92D-2B5B7B99D099}.Debug|Any CPU.Build.0 = Debug|Any CPU
		{AE991000-A64F-42B4-B92D-2B5B7B99D099}.Release|Any CPU.ActiveCfg = Release|Any CPU
		{AE991000-A64F-42B4-B92D-2B5B7B99D099}.Release|Any CPU.Build.0 = Release|Any CPU
	EndGlobalSection
	GlobalSection(SolutionProperties) = preSolution
		HideSolutionNode = FALSE
	EndGlobalSection
EndGlobal
